
Microsoft Visual Studio Solution File, Format Version 12.00
# Visual Studio 15
VisualStudioVersion = 15.0.28010.2026
MinimumVisualStudioVersion = 10.0.40219.1
Project("{FAE04EC0-301F-11D3-BF4B-00C04F79EFBC}") = "RoomBuilder", "RoomBuilder\RoomBuilder.csproj", "{E29DACCA-C9A2-4442-B59A-90FCE55A3069}"
EndProject
Global
	GlobalSection(SolutionConfigurationPlatforms) = preSolution
		Debug|Any CPU = Debug|Any CPU
		Release|Any CPU = Release|Any CPU
	EndGlobalSection
	GlobalSection(ProjectConfigurationPlatforms) = postSolution
		{E29DACCA-C9A2-4442-B59A-90FCE55A3069}.Debug|Any CPU.ActiveCfg = Debug|Any CPU
		{E29DACCA-C9A2-4442-B59A-90FCE55A3069}.Debug|Any CPU.Build.0 = Debug|Any CPU
		{E29DACCA-C9A2-4442-B59A-90FCE55A3069}.Release|Any CPU.ActiveCfg = Release|Any CPU
		{E29DACCA-C9A2-4442-B59A-90FCE55A3069}.Release|Any CPU.Build.0 = Release|Any CPU
	EndGlobalSection
	GlobalSection(SolutionProperties) = preSolution
		HideSolutionNode = FALSE
	EndGlobalSection
	GlobalSection(ExtensibilityGlobals) = postSolution
		SolutionGuid = {5BB862A6-C5A9-4EC2-8EA4-1BB57C4E140E}
	EndGlobalSection
EndGlobal
